
Microsoft Visual Studio Solution File, Format Version 12.00
# Visual Studio Version 17
VisualStudioVersion = 17.4.33103.184
MinimumVisualStudioVersion = 10.0.40219.1
Project("{FAE04EC0-301F-11D3-BF4B-00C04F79EFBC}") = "WebApplication2", "WebApplication2\WebApplication2.csproj", "{B2BC46E2-A77A-4E5C-BB6B-43D8E7706227}"
EndProject
Global
	GlobalSection(SolutionConfigurationPlatforms) = preSolution
		Debug|Any CPU = Debug|Any CPU
		Release|Any CPU = Release|Any CPU
	EndGlobalSection
	GlobalSection(ProjectConfigurationPlatforms) = postSolution
		{B2BC46E2-A77A-4E5C-BB6B-43D8E7706227}.Debug|Any CPU.ActiveCfg = Debug|Any CPU
		{B2BC46E2-A77A-4E5C-BB6B-43D8E7706227}.Debug|Any CPU.Build.0 = Debug|Any CPU
		{B2BC46E2-A77A-4E5C-BB6B-43D8E7706227}.Release|Any CPU.ActiveCfg = Release|Any CPU
		{B2BC46E2-A77A-4E5C-BB6B-43D8E7706227}.Release|Any CPU.Build.0 = Release|Any CPU
	EndGlobalSection
	GlobalSection(SolutionProperties) = preSolution
		HideSolutionNode = FALSE
	EndGlobalSection
	GlobalSection(ExtensibilityGlobals) = postSolution
		SolutionGuid = {AF7C3EFA-DE40-4783-950E-4A0F813964F1}
	EndGlobalSection
EndGlobal
